# This file is autogenerated, do not edit; changes may be undone by the next 'dep ensure'.


[[projects]]
  digest = "1:3a26588bc48b96825977c1b3df964f8fd842cd6860cc26370588d3563433cf11"
  name = "github.com/google/uuid"
  packages = ["."]
  pruneopts = "UT"
  revision = "d460ce9f8df2e77fb1ba55ca87fafed96c607494"
  version = "v1.0.0"

[[projects]]
  digest = "1:c79fb010be38a59d657c48c6ba1d003a8aa651fa56b579d959d74573b7dff8e1"
  name = "github.com/gorilla/context"
  packages = ["."]
  pruneopts = "UT"
  revision = "08b5f424b9271eedf6f9f0ce86cb9396ed337a42"
  version = "v1.1.1"

[[projects]]
  digest = "1:e73f5b0152105f18bc131fba127d9949305c8693f8a762588a82a48f61756f5f"
  name = "github.com/gorilla/mux"
  packages = ["."]
  pruneopts = "UT"
  revision = "e3702bed27f0d39777b0b37b664b6280e8ef8fbf"
  version = "v1.6.2"

[[projects]]
  branch = "master"
  digest = "1:dd1e851f4e3a5ee3f51613c79a01666e04e5e9289e2da3f6f815c008010fc02f"
  name = "github.com/jamescun/tuntap"
  packages = ["."]
  pruneopts = "UT"
  revision = "434f1022c06e56e7e283a2dbe05b1481201fb5fe"

[[projects]]
  digest = "1:0a69a1c0db3591fcefb47f115b224592c8dfa4368b7ba9fae509d5e16cdc95c8"
  name = "github.com/konsorten/go-windows-terminal-sequences"
  packages = ["."]
  pruneopts = "UT"
  revision = "5c8c8bd35d3832f5d134ae1e1e375b69a4d25242"
  version = "v1.0.1"

[[projects]]
  branch = "master"
  digest = "1:7bd94fbd708f2d4c08cf092a2dc5abc60b63a496c73d8388da8e6686b19c347d"
  name = "github.com/moby/vpnkit"
  packages = ["go/pkg/vmnet"]
  pruneopts = "UT"
  revision = "396a8b51b13a2a55352e5c64b4e2bc19af0f4fe0"

[[projects]]
  branch = "master"
  digest = "1:eecbbd6bfbfbe1acdad4b22c4fd530ab569df1634deef359e40d2ee4f85057f9"
  name = "github.com/opencontainers/runc"
  packages = ["libcontainer/user"]
  pruneopts = "UT"
  revision = "7ca079fdeb78e89e5b6843910fba3dcc7f501a88"

[[projects]]
  digest = "1:40e195917a951a8bf867cd05de2a46aaf1806c50cf92eebf4c16f78cd196f747"
  name = "github.com/pkg/errors"
  packages = ["."]
  pruneopts = "UT"
  revision = "645ef00459ed84a119197bfb8d8205042c6df63d"
  version = "v0.8.0"

[[projects]]
  digest = "1:3f53e9e4dfbb664cd62940c9c4b65a2171c66acd0b7621a1a6b8e78513525a52"
  name = "github.com/sirupsen/logrus"
  packages = ["."]
  pruneopts = "UT"
  revision = "ad15b42461921f1fb3529b058c6786c6a45d5162"
  version = "v1.1.1"

[[projects]]
  digest = "1:70f34ee6d1b188cbd2dfcde62b0e2c600262eb5a03c8a3f3435ecf7c74790470"
  name = "github.com/theckman/go-flock"
  packages = ["."]
  pruneopts = "UT"
  revision = "7f43ea2e6a643ad441fc12d0ecc0d3388b300c53"
  version = "v0.7.0"

[[projects]]
  digest = "1:b24d38b282bacf9791408a080f606370efa3d364e4b5fd9ba0f7b87786d3b679"
  name = "github.com/urfave/cli"
  packages = ["."]
  pruneopts = "UT"
  revision = "cfb38830724cc34fedffe9a2a29fb54fa9169cd1"
  version = "v1.20.0"

[[projects]]
  branch = "master"
  digest = "1:3f3a05ae0b95893d90b9b3b5afdb79a9b3d96e4e36e099d841ae602e4aca0da8"
  name = "golang.org/x/crypto"
  packages = ["ssh/terminal"]
  pruneopts = "UT"
  revision = "0c41d7ab0a0ee717d4590a44bcb987dfd9e183eb"

[[projects]]
  branch = "master"
  digest = "1:d6b719875cf8091fbab38527d81d34e71f4521b9ee9ccfbd4a32cff2ac5af96e"
  name = "golang.org/x/net"
  packages = [
    "context",
    "context/ctxhttp",
  ]
  pruneopts = "UT"
  revision = "9b4f9f5ad5197c79fd623a3638e70d8b26cef344"

[[projects]]
  branch = "master"
  digest = "1:899c684138eb2844811b7f97e264d3c65d533dbedc59549fa58fc2bf316f83a1"
  name = "golang.org/x/sys"
  packages = [
    "unix",
    "windows",
  ]
  pruneopts = "UT"
  revision = "44b849a8bc13eb42e95e6c6c5e360481b73ec710"

[solve-meta]
  analyzer-name = "dep"
  analyzer-version = 1
  input-imports = [
    "github.com/google/uuid",
    "github.com/gorilla/mux",
    "github.com/jamescun/tuntap",
    "github.com/moby/vpnkit/go/pkg/vmnet",
    "github.com/opencontainers/runc/libcontainer/user",
    "github.com/pkg/errors",
    "github.com/sirupsen/logrus",
    "github.com/theckman/go-flock",
    "github.com/urfave/cli",
    "golang.org/x/net/context/ctxhttp",
  ]
  solver-name = "gps-cdcl"
  solver-version = 1
